// !$*UTF8*$!
{
	archiveVersion = 1;
	classes = {
	};
	objectVersion = 50;
	objects = {

/* Begin PBXBuildFile section */
		531B441222E43C560079B867 /* AppDelegate.swift in Sources */ = {isa = PBXBuildFile; fileRef = 531B441122E43C560079B867 /* AppDelegate.swift */; };
		531B441422E43C560079B867 /* art.scnassets in Resources */ = {isa = PBXBuildFile; fileRef = 531B441322E43C560079B867 /* art.scnassets */; };
		531B441622E43C560079B867 /* ViewController.swift in Sources */ = {isa = PBXBuildFile; fileRef = 531B441522E43C560079B867 /* ViewController.swift */; };
		531B441922E43C560079B867 /* Main.storyboard in Resources */ = {isa = PBXBuildFile; fileRef = 531B441722E43C560079B867 /* Main.storyboard */; };
		531B441B22E43C5A0079B867 /* Assets.xcassets in Resources */ = {isa = PBXBuildFile; fileRef = 531B441A22E43C5A0079B867 /* Assets.xcassets */; };
		531B441E22E43C5A0079B867 /* LaunchScreen.storyboard in Resources */ = {isa = PBXBuildFile; fileRef = 531B441C22E43C5A0079B867 /* LaunchScreen.storyboard */; };
		531B442922E43C5A0079B867 /* displayingMultipleObjectsTests.swift in Sources */ = {isa = PBXBuildFile; fileRef = 531B442822E43C5A0079B867 /* displayingMultipleObjectsTests.swift */; };
		531B443422E43C5A0079B867 /* displayingMultipleObjectsUITests.swift in Sources */ = {isa = PBXBuildFile; fileRef = 531B443322E43C5A0079B867 /* displayingMultipleObjectsUITests.swift */; };
/* End PBXBuildFile section */

/* Begin PBXContainerItemProxy section */
		531B442522E43C5A0079B867 /* PBXContainerItemProxy */ = {
			isa = PBXContainerItemProxy;
			containerPortal = 531B440622E43C560079B867 /* Project object */;
			proxyType = 1;
			remoteGlobalIDString = 531B440D22E43C560079B867;
			remoteInfo = displayingMultipleObjects;
		};
		531B443022E43C5A0079B867 /* PBXContainerItemProxy */ = {
			isa = PBXContainerItemProxy;
			containerPortal = 531B440622E43C560079B867 /* Project object */;
			proxyType = 1;
			remoteGlobalIDString = 531B440D22E43C560079B867;
			remoteInfo = displayingMultipleObjects;
		};
/* End PBXContainerItemProxy section */

/* Begin PBXFileReference section */
		531B440E22E43C560079B867 /* displayingMultipleObjects.app */ = {isa = PBXFileReference; explicitFileType = wrapper.application; includeInIndex = 0; path = displayingMultipleObjects.app; sourceTree = BUILT_PRODUCTS_DIR; };
		531B441122E43C560079B867 /* AppDelegate.swift */ = {isa = PBXFileReference; lastKnownFileType = sourcecode.swift; path = AppDelegate.swift; sourceTree = "<group>"; };
		531B441322E43C560079B867 /* art.scnassets */ = {isa = PBXFileReference; lastKnownFileType = wrapper.scnassets; path = art.scnassets; sourceTree = "<group>"; };
		531B441522E43C560079B867 /* ViewController.swift */ = {isa = PBXFileReference; lastKnownFileType = sourcecode.swift; path = ViewController.swift; sourceTree = "<group>"; };
		531B441822E43C560079B867 /* Base */ = {isa = PBXFileReference; lastKnownFileType = file.storyboard; name = Base; path = Base.lproj/Main.storyboard; sourceTree = "<group>"; };
		531B441A22E43C5A0079B867 /* Assets.xcassets */ = {isa = PBXFileReference; lastKnownFileType = folder.assetcatalog; path = Assets.xcassets; sourceTree = "<group>"; };
		531B441D22E43C5A0079B867 /* Base */ = {isa = PBXFileReference; lastKnownFileType = file.storyboard; name = Base; path = Base.lproj/LaunchScreen.storyboard; sourceTree = "<group>"; };
		531B441F22E43C5A0079B867 /* Info.plist */ = {isa = PBXFileReference; lastKnownFileType = text.plist.xml; path = Info.plist; sourceTree = "<group>"; };
		531B442422E43C5A0079B867 /* displayingMultipleObjectsTests.xctest */ = {isa = PBXFileReference; explicitFileType = wrapper.cfbundle; includeInIndex = 0; path = displayingMultipleObjectsTests.xctest; sourceTree = BUILT_PRODUCTS_DIR; };
		531B442822E43C5A0079B867 /* displayingMultipleObjectsTests.swift */ = {isa = PBXFileReference; lastKnownFileType = sourcecode.swift; path = displayingMultipleObjectsTests.swift; sourceTree = "<group>"; };
		531B442A22E43C5A0079B867 /* Info.plist */ = {isa = PBXFileReference; lastKnownFileType = text.plist.xml; path = Info.plist; sourceTree = "<group>"; };
		531B442F22E43C5A0079B867 /* displayingMultipleObjectsUITests.xctest */ = {isa = PBXFileReference; explicitFileType = wrapper.cfbundle; includeInIndex = 0; path = displayingMultipleObjectsUITests.xctest; sourceTree = BUILT_PRODUCTS_DIR; };
		531B443322E43C5A0079B867 /* displayingMultipleObjectsUITests.swift */ = {isa = PBXFileReference; lastKnownFileType = sourcecode.swift; path = displayingMultipleObjectsUITests.swift; sourceTree = "<group>"; };
		531B443522E43C5A0079B867 /* Info.plist */ = {isa = PBXFileReference; lastKnownFileType = text.plist.xml; path = Info.plist; sourceTree = "<group>"; };
/* End PBXFileReference section */

/* Begin PBXFrameworksBuildPhase section */
		531B440B22E43C560079B867 /* Frameworks */ = {
			isa = PBXFrameworksBuildPhase;
			buildActionMask = 2147483647;
			files = (
			);
			runOnlyForDeploymentPostprocessing = 0;
		};
		531B442122E43C5A0079B867 /* Frameworks */ = {
			isa = PBXFrameworksBuildPhase;
			buildActionMask = 2147483647;
			files = (
			);
			runOnlyForDeploymentPostprocessing = 0;
		};
		531B442C22E43C5A0079B867 /* Frameworks */ = {
			isa = PBXFrameworksBuildPhase;
			buildActionMask = 2147483647;
			files = (
			);
			runOnlyForDeploymentPostprocessing = 0;
		};
/* End PBXFrameworksBuildPhase section */

/* Begin PBXGroup section */
		531B440522E43C560079B867 = {
			isa = PBXGroup;
			children = (
				531B441022E43C560079B867 /* displayingMultipleObjects */,
				531B442722E43C5A0079B867 /* displayingMultipleObjectsTests */,
				531B443222E43C5A0079B867 /* displayingMultipleObjectsUITests */,
				531B440F22E43C560079B867 /* Products */,
			);
			sourceTree = "<group>";
		};
		531B440F22E43C560079B867 /* Products */ = {
			isa = PBXGroup;
			children = (
				531B440E22E43C560079B867 /* displayingMultipleObjects.app */,
				531B442422E43C5A0079B867 /* displayingMultipleObjectsTests.xctest */,
				531B442F22E43C5A0079B867 /* displayingMultipleObjectsUITests.xctest */,
			);
			name = Products;
			sourceTree = "<group>";
		};
		531B441022E43C560079B867 /* displayingMultipleObjects */ = {
			isa = PBXGroup;
			children = (
				531B441122E43C560079B867 /* AppDelegate.swift */,
				531B441322E43C560079B867 /* art.scnassets */,
				531B441522E43C560079B867 /* ViewController.swift */,
				531B441722E43C560079B867 /* Main.storyboard */,
				531B441A22E43C5A0079B867 /* Assets.xcassets */,
				531B441C22E43C5A0079B867 /* LaunchScreen.storyboard */,
				531B441F22E43C5A0079B867 /* Info.plist */,
			);
			path = displayingMultipleObjects;
			sourceTree = "<group>";
		};
		531B442722E43C5A0079B867 /* displayingMultipleObjectsTests */ = {
			isa = PBXGroup;
			children = (
				531B442822E43C5A0079B867 /* displayingMultipleObjectsTests.swift */,
				531B442A22E43C5A0079B867 /* Info.plist */,
			);
			path = displayingMultipleObjectsTests;
			sourceTree = "<group>";
		};
		531B443222E43C5A0079B867 /* displayingMultipleObjectsUITests */ = {
			isa = PBXGroup;
			children = (
				531B443322E43C5A0079B867 /* displayingMultipleObjectsUITests.swift */,
				531B443522E43C5A0079B867 /* Info.plist */,
			);
			path = displayingMultipleObjectsUITests;
			sourceTree = "<group>";
		};
/* End PBXGroup section */

/* Begin PBXNativeTarget section */
		531B440D22E43C560079B867 /* displayingMultipleObjects */ = {
			isa = PBXNativeTarget;
			buildConfigurationList = 531B443822E43C5A0079B867 /* Build configuration list for PBXNativeTarget "displayingMultipleObjects" */;
			buildPhases = (
				531B440A22E43C560079B867 /* Sources */,
				531B440B22E43C560079B867 /* Frameworks */,
				531B440C22E43C560079B867 /* Resources */,
			);
			buildRules = (
			);
			dependencies = (
			);
			name = displayingMultipleObjects;
			productName = displayingMultipleObjects;
			productReference = 531B440E22E43C560079B867 /* displayingMultipleObjects.app */;
			productType = "com.apple.product-type.application";
		};
		531B442322E43C5A0079B867 /* displayingMultipleObjectsTests */ = {
			isa = PBXNativeTarget;
			buildConfigurationList = 531B443B22E43C5A0079B867 /* Build configuration list for PBXNativeTarget "displayingMultipleObjectsTests" */;
			buildPhases = (
				531B442022E43C5A0079B867 /* Sources */,
				531B442122E43C5A0079B867 /* Frameworks */,
				531B442222E43C5A0079B867 /* Resources */,
			);
			buildRules = (
			);
			dependencies = (
				531B442622E43C5A0079B867 /* PBXTargetDependency */,
			);
			name = displayingMultipleObjectsTests;
			productName = displayingMultipleObjectsTests;
			productReference = 531B442422E43C5A0079B867 /* displayingMultipleObjectsTests.xctest */;
			productType = "com.apple.product-type.bundle.unit-test";
		};
		531B442E22E43C5A0079B867 /* displayingMultipleObjectsUITests */ = {
			isa = PBXNativeTarget;
			buildConfigurationList = 531B443E22E43C5A0079B867 /* Build configuration list for PBXNativeTarget "displayingMultipleObjectsUITests" */;
			buildPhases = (
				531B442B22E43C5A0079B867 /* Sources */,
				531B442C22E43C5A0079B867 /* Frameworks */,
				531B442D22E43C5A0079B867 /* Resources */,
			);
			buildRules = (
			);
			dependencies = (
				531B443122E43C5A0079B867 /* PBXTargetDependency */,
			);
			name = displayingMultipleObjectsUITests;
			productName = displayingMultipleObjectsUITests;
			productReference = 531B442F22E43C5A0079B867 /* displayingMultipleObjectsUITests.xctest */;
			productType = "com.apple.product-type.bundle.ui-testing";
		};
/* End PBXNativeTarget section */

/* Begin PBXProject section */
		531B440622E43C560079B867 /* Project object */ = {
			isa = PBXProject;
			attributes = {
				LastSwiftUpdateCheck = 1020;
				LastUpgradeCheck = 1020;
				ORGANIZATIONNAME = "Saransh G";
				TargetAttributes = {
					531B440D22E43C560079B867 = {
						CreatedOnToolsVersion = 10.2.1;
					};
					531B442322E43C5A0079B867 = {
						CreatedOnToolsVersion = 10.2.1;
						TestTargetID = 531B440D22E43C560079B867;
					};
					531B442E22E43C5A0079B867 = {
						CreatedOnToolsVersion = 10.2.1;
						TestTargetID = 531B440D22E43C560079B867;
					};
				};
			};
			buildConfigurationList = 531B440922E43C560079B867 /* Build configuration list for PBXProject "displayingMultipleObjects" */;
			compatibilityVersion = "Xcode 9.3";
			developmentRegion = en;
			hasScannedForEncodings = 0;
			knownRegions = (
				en,
				Base,
			);
			mainGroup = 531B440522E43C560079B867;
			productRefGroup = 531B440F22E43C560079B867 /* Products */;
			projectDirPath = "";
			projectRoot = "";
			targets = (
				531B440D22E43C560079B867 /* displayingMultipleObjects */,
				531B442322E43C5A0079B867 /* displayingMultipleObjectsTests */,
				531B442E22E43C5A0079B867 /* displayingMultipleObjectsUITests */,
			);
		};
/* End PBXProject section */

/* Begin PBXResourcesBuildPhase section */
		531B440C22E43C560079B867 /* Resources */ = {
			isa = PBXResourcesBuildPhase;
			buildActionMask = 2147483647;
			files = (
				531B441422E43C560079B867 /* art.scnassets in Resources */,
				531B441E22E43C5A0079B867 /* LaunchScreen.storyboard in Resources */,
				531B441B22E43C5A0079B867 /* Assets.xcassets in Resources */,
				531B441922E43C560079B867 /* Main.storyboard in Resources */,
			);
			runOnlyForDeploymentPostprocessing = 0;
		};
		531B442222E43C5A0079B867 /* Resources */ = {
			isa = PBXResourcesBuildPhase;
			buildActionMask = 2147483647;
			files = (
			);
			runOnlyForDeploymentPostprocessing = 0;
		};
		531B442D22E43C5A0079B867 /* Resources */ = {
			isa = PBXResourcesBuildPhase;
			buildActionMask = 2147483647;
			files = (
			);
			runOnlyForDeploymentPostprocessing = 0;
		};
/* End PBXResourcesBuildPhase section */

/* Begin PBXSourcesBuildPhase section */
		531B440A22E43C560079B867 /* Sources */ = {
			isa = PBXSourcesBuildPhase;
			buildActionMask = 2147483647;
			files = (
				531B441622E43C560079B867 /* ViewController.swift in Sources */,
				531B441222E43C560079B867 /* AppDelegate.swift in Sources */,
			);
			runOnlyForDeploymentPostprocessing = 0;
		};
		531B442022E43C5A0079B867 /* Sources */ = {
			isa = PBXSourcesBuildPhase;
			buildActionMask = 2147483647;
			files = (
				531B442922E43C5A0079B867 /* displayingMultipleObjectsTests.swift in Sources */,
			);
			runOnlyForDeploymentPostprocessing = 0;
		};
		531B442B22E43C5A0079B867 /* Sources */ = {
			isa = PBXSourcesBuildPhase;
			buildActionMask = 2147483647;
			files = (
				531B443422E43C5A0079B867 /* displayingMultipleObjectsUITests.swift in Sources */,
			);
			runOnlyForDeploymentPostprocessing = 0;
		};
/* End PBXSourcesBuildPhase section */

/* Begin PBXTargetDependency section */
		531B442622E43C5A0079B867 /* PBXTargetDependency */ = {
			isa = PBXTargetDependency;
			target = 531B440D22E43C560079B867 /* displayingMultipleObjects */;
			targetProxy = 531B442522E43C5A0079B867 /* PBXContainerItemProxy */;
		};
		531B443122E43C5A0079B867 /* PBXTargetDependency */ = {
			isa = PBXTargetDependency;
			target = 531B440D22E43C560079B867 /* displayingMultipleObjects */;
			targetProxy = 531B443022E43C5A0079B867 /* PBXContainerItemProxy */;
		};
/* End PBXTargetDependency section */

/* Begin PBXVariantGroup section */
		531B441722E43C560079B867 /* Main.storyboard */ = {
			isa = PBXVariantGroup;
			children = (
				531B441822E43C560079B867 /* Base */,
			);
			name = Main.storyboard;
			sourceTree = "<group>";
		};
		531B441C22E43C5A0079B867 /* LaunchScreen.storyboard */ = {
			isa = PBXVariantGroup;
			children = (
				531B441D22E43C5A0079B867 /* Base */,
			);
			name = LaunchScreen.storyboard;
			sourceTree = "<group>";
		};
/* End PBXVariantGroup section */

/* Begin XCBuildConfiguration section */
		531B443622E43C5A0079B867 /* Debug */ = {
			isa = XCBuildConfiguration;
			buildSettings = {
				ALWAYS_SEARCH_USER_PATHS = NO;
				CLANG_ANALYZER_NONNULL = YES;
				CLANG_ANALYZER_NUMBER_OBJECT_CONVERSION = YES_AGGRESSIVE;
				CLANG_CXX_LANGUAGE_STANDARD = "gnu++14";
				CLANG_CXX_LIBRARY = "libc++";
				CLANG_ENABLE_MODULES = YES;
				CLANG_ENABLE_OBJC_ARC = YES;
				CLANG_ENABLE_OBJC_WEAK = YES;
				CLANG_WARN_BLOCK_CAPTURE_AUTORELEASING = YES;
				CLANG_WARN_BOOL_CONVERSION = YES;
				CLANG_WARN_COMMA = YES;
				CLANG_WARN_CONSTANT_CONVERSION = YES;
				CLANG_WARN_DEPRECATED_OBJC_IMPLEMENTATIONS = YES;
				CLANG_WARN_DIRECT_OBJC_ISA_USAGE = YES_ERROR;
				CLANG_WARN_DOCUMENTATION_COMMENTS = YES;
				CLANG_WARN_EMPTY_BODY = YES;
				CLANG_WARN_ENUM_CONVERSION = YES;
				CLANG_WARN_INFINITE_RECURSION = YES;
				CLANG_WARN_INT_CONVERSION = YES;
				CLANG_WARN_NON_LITERAL_NULL_CONVERSION = YES;
				CLANG_WARN_OBJC_IMPLICIT_RETAIN_SELF = YES;
				CLANG_WARN_OBJC_LITERAL_CONVERSION = YES;
				CLANG_WARN_OBJC_ROOT_CLASS = YES_ERROR;
				CLANG_WARN_RANGE_LOOP_ANALYSIS = YES;
				CLANG_WARN_STRICT_PROTOTYPES = YES;
				CLANG_WARN_SUSPICIOUS_MOVE = YES;
				CLANG_WARN_UNGUARDED_AVAILABILITY = YES_AGGRESSIVE;
				CLANG_WARN_UNREACHABLE_CODE = YES;
				CLANG_WARN__DUPLICATE_METHOD_MATCH = YES;
				CODE_SIGN_IDENTITY = "iPhone Developer";
				COPY_PHASE_STRIP = NO;
				DEBUG_INFORMATION_FORMAT = dwarf;
				ENABLE_STRICT_OBJC_MSGSEND = YES;
				ENABLE_TESTABILITY = YES;
				GCC_C_LANGUAGE_STANDARD = gnu11;
				GCC_DYNAMIC_NO_PIC = NO;
				GCC_NO_COMMON_BLOCKS = YES;
				GCC_OPTIMIZATION_LEVEL = 0;
				GCC_PREPROCESSOR_DEFINITIONS = (
					"DEBUG=1",
					"$(inherited)",
				);
				GCC_WARN_64_TO_32_BIT_CONVERSION = YES;
				GCC_WARN_ABOUT_RETURN_TYPE = YES_ERROR;
				GCC_WARN_UNDECLARED_SELECTOR = YES;
				GCC_WARN_UNINITIALIZED_AUTOS = YES_AGGRESSIVE;
				GCC_WARN_UNUSED_FUNCTION = YES;
				GCC_WARN_UNUSED_VARIABLE = YES;
				IPHONEOS_DEPLOYMENT_TARGET = 12.2;
				MTL_ENABLE_DEBUG_INFO = INCLUDE_SOURCE;
				MTL_FAST_MATH = YES;
				ONLY_ACTIVE_ARCH = YES;
				SDKROOT = iphoneos;
				SWIFT_ACTIVE_COMPILATION_CONDITIONS = DEBUG;
				SWIFT_OPTIMIZATION_LEVEL = "-Onone";
			};
			name = Debug;
		};
		531B443722E43C5A0079B867 /* Release */ = {
			isa = XCBuildConfiguration;
			buildSettings = {
				ALWAYS_SEARCH_USER_PATHS = NO;
				CLANG_ANALYZER_NONNULL = YES;
				CLANG_ANALYZER_NUMBER_OBJECT_CONVERSION = YES_AGGRESSIVE;
				CLANG_CXX_LANGUAGE_STANDARD = "gnu++14";
				CLANG_CXX_LIBRARY = "libc++";
				CLANG_ENABLE_MODULES = YES;
				CLANG_ENABLE_OBJC_ARC = YES;
				CLANG_ENABLE_OBJC_WEAK = YES;
				CLANG_WARN_BLOCK_CAPTURE_AUTORELEASING = YES;
				CLANG_WARN_BOOL_CONVERSION = YES;
				CLANG_WARN_COMMA = YES;
				CLANG_WARN_CONSTANT_CONVERSION = YES;
				CLANG_WARN_DEPRECATED_OBJC_IMPLEMENTATIONS = YES;
				CLANG_WARN_DIRECT_OBJC_ISA_USAGE = YES_ERROR;
				CLANG_WARN_DOCUMENTATION_COMMENTS = YES;
				CLANG_WARN_EMPTY_BODY = YES;
				CLANG_WARN_ENUM_CONVERSION = YES;
				CLANG_WARN_INFINITE_RECURSION = YES;
				CLANG_WARN_INT_CONVERSION = YES;
				CLANG_WARN_NON_LITERAL_NULL_CONVERSION = YES;
				CLANG_WARN_OBJC_IMPLICIT_RETAIN_SELF = YES;
				CLANG_WARN_OBJC_LITERAL_CONVERSION = YES;
				CLANG_WARN_OBJC_ROOT_CLASS = YES_ERROR;
				CLANG_WARN_RANGE_LOOP_ANALYSIS = YES;
				CLANG_WARN_STRICT_PROTOTYPES = YES;
				CLANG_WARN_SUSPICIOUS_MOVE = YES;
				CLANG_WARN_UNGUARDED_AVAILABILITY = YES_AGGRESSIVE;
				CLANG_WARN_UNREACHABLE_CODE = YES;
				CLANG_WARN__DUPLICATE_METHOD_MATCH = YES;
				CODE_SIGN_IDENTITY = "iPhone Developer";
				COPY_PHASE_STRIP = NO;
				DEBUG_INFORMATION_FORMAT = "dwarf-with-dsym";
				ENABLE_NS_ASSERTIONS = NO;
				ENABLE_STRICT_OBJC_MSGSEND = YES;
				GCC_C_LANGUAGE_STANDARD = gnu11;
				GCC_NO_COMMON_BLOCKS = YES;
				GCC_WARN_64_TO_32_BIT_CONVERSION = YES;
				GCC_WARN_ABOUT_RETURN_TYPE = YES_ERROR;
				GCC_WARN_UNDECLARED_SELECTOR = YES;
				GCC_WARN_UNINITIALIZED_AUTOS = YES_AGGRESSIVE;
				GCC_WARN_UNUSED_FUNCTION = YES;
				GCC_WARN_UNUSED_VARIABLE = YES;
				IPHONEOS_DEPLOYMENT_TARGET = 12.2;
				MTL_ENABLE_DEBUG_INFO = NO;
				MTL_FAST_MATH = YES;
				SDKROOT = iphoneos;
				SWIFT_COMPILATION_MODE = wholemodule;
				SWIFT_OPTIMIZATION_LEVEL = "-O";
				VALIDATE_PRODUCT = YES;
			};
			name = Release;
		};
		531B443922E43C5A0079B867 /* Debug */ = {
			isa = XCBuildConfiguration;
			buildSettings = {
				ASSETCATALOG_COMPILER_APPICON_NAME = AppIcon;
				CODE_SIGN_STYLE = Automatic;
				DEVELOPMENT_TEAM = 2CFFXK5ZT6;
				INFOPLIST_FILE = displayingMultipleObjects/Info.plist;
				LD_RUNPATH_SEARCH_PATHS = (
					"$(inherited)",
					"@executable_path/Frameworks",
				);
				PRODUCT_BUNDLE_IDENTIFIER = com.sarhana.displayingMultipleObjects;
				PRODUCT_NAME = "$(TARGET_NAME)";
				SWIFT_VERSION = 5.0;
				TARGETED_DEVICE_FAMILY = "1,2";
			};
			name = Debug;
		};
		531B443A22E43C5A0079B867 /* Release */ = {
			isa = XCBuildConfiguration;
			buildSettings = {
				ASSETCATALOG_COMPILER_APPICON_NAME = AppIcon;
				CODE_SIGN_STYLE = Automatic;
				DEVELOPMENT_TEAM = 2CFFXK5ZT6;
				INFOPLIST_FILE = displayingMultipleObjects/Info.plist;
				LD_RUNPATH_SEARCH_PATHS = (
					"$(inherited)",
					"@executable_path/Frameworks",
				);
				PRODUCT_BUNDLE_IDENTIFIER = com.sarhana.displayingMultipleObjects;
				PRODUCT_NAME = "$(TARGET_NAME)";
				SWIFT_VERSION = 5.0;
				TARGETED_DEVICE_FAMILY = "1,2";
			};
			name = Release;
		};
		531B443C22E43C5A0079B867 /* Debug */ = {
			isa = XCBuildConfiguration;
			buildSettings = {
				ALWAYS_EMBED_SWIFT_STANDARD_LIBRARIES = YES;
				BUNDLE_LOADER = "$(TEST_HOST)";
				CODE_SIGN_STYLE = Automatic;
				DEVELOPMENT_TEAM = 2CFFXK5ZT6;
				INFOPLIST_FILE = displayingMultipleObjectsTests/Info.plist;
				LD_RUNPATH_SEARCH_PATHS = (
					"$(inherited)",
					"@executable_path/Frameworks",
					"@loader_path/Frameworks",
				);
				PRODUCT_BUNDLE_IDENTIFIER = com.sarhana.displayingMultipleObjectsTests;
				PRODUCT_NAME = "$(TARGET_NAME)";
				SWIFT_VERSION = 5.0;
				TARGETED_DEVICE_FAMILY = "1,2";
				TEST_HOST = "$(BUILT_PRODUCTS_DIR)/displayingMultipleObjects.app/displayingMultipleObjects";
			};
			name = Debug;
		};
		531B443D22E43C5A0079B867 /* Release */ = {
			isa = XCBuildConfiguration;
			buildSettings = {
				ALWAYS_EMBED_SWIFT_STANDARD_LIBRARIES = YES;
				BUNDLE_LOADER = "$(TEST_HOST)";
				CODE_SIGN_STYLE = Automatic;
				DEVELOPMENT_TEAM = 2CFFXK5ZT6;
				INFOPLIST_FILE = displayingMultipleObjectsTests/Info.plist;
				LD_RUNPATH_SEARCH_PATHS = (
					"$(inherited)",
					"@executable_path/Frameworks",
					"@loader_path/Frameworks",
				);
				PRODUCT_BUNDLE_IDENTIFIER = com.sarhana.displayingMultipleObjectsTests;
				PRODUCT_NAME = "$(TARGET_NAME)";
				SWIFT_VERSION = 5.0;
				TARGETED_DEVICE_FAMILY = "1,2";
				TEST_HOST = "$(BUILT_PRODUCTS_DIR)/displayingMultipleObjects.app/displayingMultipleObjects";
			};
			name = Release;
		};
		531B443F22E43C5A0079B867 /* Debug */ = {
			isa = XCBuildConfiguration;
			buildSettings = {
				ALWAYS_EMBED_SWIFT_STANDARD_LIBRARIES = YES;
				CODE_SIGN_STYLE = Automatic;
				DEVELOPMENT_TEAM = 2CFFXK5ZT6;
				INFOPLIST_FILE = displayingMultipleObjectsUITests/Info.plist;
				LD_RUNPATH_SEARCH_PATHS = (
					"$(inherited)",
					"@executable_path/Frameworks",
					"@loader_path/Frameworks",
				);
				PRODUCT_BUNDLE_IDENTIFIER = com.sarhana.displayingMultipleObjectsUITests;
				PRODUCT_NAME = "$(TARGET_NAME)";
				SWIFT_VERSION = 5.0;
				TARGETED_DEVICE_FAMILY = "1,2";
				TEST_TARGET_NAME = displayingMultipleObjects;
			};
			name = Debug;
		};
		531B444022E43C5A0079B867 /* Release */ = {
			isa = XCBuildConfiguration;
			buildSettings = {
				ALWAYS_EMBED_SWIFT_STANDARD_LIBRARIES = YES;
				CODE_SIGN_STYLE = Automatic;
				DEVELOPMENT_TEAM = 2CFFXK5ZT6;
				INFOPLIST_FILE = displayingMultipleObjectsUITests/Info.plist;
				LD_RUNPATH_SEARCH_PATHS = (
					"$(inherited)",
					"@executable_path/Frameworks",
					"@loader_path/Frameworks",
				);
				PRODUCT_BUNDLE_IDENTIFIER = com.sarhana.displayingMultipleObjectsUITests;
				PRODUCT_NAME = "$(TARGET_NAME)";
				SWIFT_VERSION = 5.0;
				TARGETED_DEVICE_FAMILY = "1,2";
				TEST_TARGET_NAME = displayingMultipleObjects;
			};
			name = Release;
		};
/* End XCBuildConfiguration section */

/* Begin XCConfigurationList section */
		531B440922E43C560079B867 /* Build configuration list for PBXProject "displayingMultipleObjects" */ = {
			isa = XCConfigurationList;
			buildConfigurations = (
				531B443622E43C5A0079B867 /* Debug */,
				531B443722E43C5A0079B867 /* Release */,
			);
			defaultConfigurationIsVisible = 0;
			defaultConfigurationName = Release;
		};
		531B443822E43C5A0079B867 /* Build configuration list for PBXNativeTarget "displayingMultipleObjects" */ = {
			isa = XCConfigurationList;
			buildConfigurations = (
				531B443922E43C5A0079B867 /* Debug */,
				531B443A22E43C5A0079B867 /* Release */,
			);
			defaultConfigurationIsVisible = 0;
			defaultConfigurationName = Release;
		};
		531B443B22E43C5A0079B867 /* Build configuration list for PBXNativeTarget "displayingMultipleObjectsTests" */ = {
			isa = XCConfigurationList;
			buildConfigurations = (
				531B443C22E43C5A0079B867 /* Debug */,
				531B443D22E43C5A0079B867 /* Release */,
			);
			defaultConfigurationIsVisible = 0;
			defaultConfigurationName = Release;
		};
		531B443E22E43C5A0079B867 /* Build configuration list for PBXNativeTarget "displayingMultipleObjectsUITests" */ = {
			isa = XCConfigurationList;
			buildConfigurations = (
				531B443F22E43C5A0079B867 /* Debug */,
				531B444022E43C5A0079B867 /* Release */,
			);
			defaultConfigurationIsVisible = 0;
			defaultConfigurationName = Release;
		};
/* End XCConfigurationList section */
	};
	rootObject = 531B440622E43C560079B867 /* Project object */;
}
