// !$*UTF8*$!
{
	archiveVersion = 1;
	classes = {
	};
	objectVersion = 50;
	objects = {

/* Begin PBXBuildFile section */
		C7E0DBFD22A81150004766CA /* AppDelegate.swift in Sources */ = {isa = PBXBuildFile; fileRef = C7E0DBFC22A81150004766CA /* AppDelegate.swift */; };
		C7E0DBFF22A81150004766CA /* SceneDelegate.swift in Sources */ = {isa = PBXBuildFile; fileRef = C7E0DBFE22A81150004766CA /* SceneDelegate.swift */; };
		C7E0DC0122A81150004766CA /* ContentView.swift in Sources */ = {isa = PBXBuildFile; fileRef = C7E0DC0022A81150004766CA /* ContentView.swift */; };
		C7E0DC0322A81152004766CA /* Assets.xcassets in Resources */ = {isa = PBXBuildFile; fileRef = C7E0DC0222A81152004766CA /* Assets.xcassets */; };
		C7E0DC0622A81152004766CA /* Preview Assets.xcassets in Resources */ = {isa = PBXBuildFile; fileRef = C7E0DC0522A81152004766CA /* Preview Assets.xcassets */; };
		C7E0DC0922A81152004766CA /* LaunchScreen.storyboard in Resources */ = {isa = PBXBuildFile; fileRef = C7E0DC0722A81152004766CA /* LaunchScreen.storyboard */; };
/* End PBXBuildFile section */

/* Begin PBXFileReference section */
		C7E0DBF922A81150004766CA /* DynamicsListSwiftUI.app */ = {isa = PBXFileReference; explicitFileType = wrapper.application; includeInIndex = 0; path = DynamicsListSwiftUI.app; sourceTree = BUILT_PRODUCTS_DIR; };
		C7E0DBFC22A81150004766CA /* AppDelegate.swift */ = {isa = PBXFileReference; lastKnownFileType = sourcecode.swift; path = AppDelegate.swift; sourceTree = "<group>"; };
		C7E0DBFE22A81150004766CA /* SceneDelegate.swift */ = {isa = PBXFileReference; lastKnownFileType = sourcecode.swift; path = SceneDelegate.swift; sourceTree = "<group>"; };
		C7E0DC0022A81150004766CA /* ContentView.swift */ = {isa = PBXFileReference; lastKnownFileType = sourcecode.swift; path = ContentView.swift; sourceTree = "<group>"; };
		C7E0DC0222A81152004766CA /* Assets.xcassets */ = {isa = PBXFileReference; lastKnownFileType = folder.assetcatalog; path = Assets.xcassets; sourceTree = "<group>"; };
		C7E0DC0522A81152004766CA /* Preview Assets.xcassets */ = {isa = PBXFileReference; lastKnownFileType = folder.assetcatalog; path = "Preview Assets.xcassets"; sourceTree = "<group>"; };
		C7E0DC0822A81152004766CA /* Base */ = {isa = PBXFileReference; lastKnownFileType = file.storyboard; name = Base; path = Base.lproj/LaunchScreen.storyboard; sourceTree = "<group>"; };
		C7E0DC0A22A81152004766CA /* Info.plist */ = {isa = PBXFileReference; lastKnownFileType = text.plist.xml; path = Info.plist; sourceTree = "<group>"; };
/* End PBXFileReference section */

/* Begin PBXFrameworksBuildPhase section */
		C7E0DBF622A81150004766CA /* Frameworks */ = {
			isa = PBXFrameworksBuildPhase;
			buildActionMask = 2147483647;
			files = (
			);
			runOnlyForDeploymentPostprocessing = 0;
		};
/* End PBXFrameworksBuildPhase section */

/* Begin PBXGroup section */
		C7E0DBF022A81150004766CA = {
			isa = PBXGroup;
			children = (
				C7E0DBFB22A81150004766CA /* DynamicsListSwiftUI */,
				C7E0DBFA22A81150004766CA /* Products */,
			);
			sourceTree = "<group>";
		};
		C7E0DBFA22A81150004766CA /* Products */ = {
			isa = PBXGroup;
			children = (
				C7E0DBF922A81150004766CA /* DynamicsListSwiftUI.app */,
			);
			name = Products;
			sourceTree = "<group>";
		};
		C7E0DBFB22A81150004766CA /* DynamicsListSwiftUI */ = {
			isa = PBXGroup;
			children = (
				C7E0DBFC22A81150004766CA /* AppDelegate.swift */,
				C7E0DBFE22A81150004766CA /* SceneDelegate.swift */,
				C7E0DC0022A81150004766CA /* ContentView.swift */,
				C7E0DC0222A81152004766CA /* Assets.xcassets */,
				C7E0DC0722A81152004766CA /* LaunchScreen.storyboard */,
				C7E0DC0A22A81152004766CA /* Info.plist */,
				C7E0DC0422A81152004766CA /* Preview Content */,
			);
			path = DynamicsListSwiftUI;
			sourceTree = "<group>";
		};
		C7E0DC0422A81152004766CA /* Preview Content */ = {
			isa = PBXGroup;
			children = (
				C7E0DC0522A81152004766CA /* Preview Assets.xcassets */,
			);
			path = "Preview Content";
			sourceTree = "<group>";
		};
/* End PBXGroup section */

/* Begin PBXNativeTarget section */
		C7E0DBF822A81150004766CA /* DynamicsListSwiftUI */ = {
			isa = PBXNativeTarget;
			buildConfigurationList = C7E0DC0D22A81152004766CA /* Build configuration list for PBXNativeTarget "DynamicsListSwiftUI" */;
			buildPhases = (
				C7E0DBF522A81150004766CA /* Sources */,
				C7E0DBF622A81150004766CA /* Frameworks */,
				C7E0DBF722A81150004766CA /* Resources */,
			);
			buildRules = (
			);
			dependencies = (
			);
			name = DynamicsListSwiftUI;
			productName = DynamicsListSwiftUI;
			productReference = C7E0DBF922A81150004766CA /* DynamicsListSwiftUI.app */;
			productType = "com.apple.product-type.application";
		};
/* End PBXNativeTarget section */

/* Begin PBXProject section */
		C7E0DBF122A81150004766CA /* Project object */ = {
			isa = PBXProject;
			attributes = {
				LastSwiftUpdateCheck = 1100;
				LastUpgradeCheck = 1100;
				ORGANIZATIONNAME = "Brian Voong";
				TargetAttributes = {
					C7E0DBF822A81150004766CA = {
						CreatedOnToolsVersion = 11.0;
					};
				};
			};
			buildConfigurationList = C7E0DBF422A81150004766CA /* Build configuration list for PBXProject "DynamicsListSwiftUI" */;
			compatibilityVersion = "Xcode 9.3";
			developmentRegion = en;
			hasScannedForEncodings = 0;
			knownRegions = (
				en,
				Base,
			);
			mainGroup = C7E0DBF022A81150004766CA;
			productRefGroup = C7E0DBFA22A81150004766CA /* Products */;
			projectDirPath = "";
			projectRoot = "";
			targets = (
				C7E0DBF822A81150004766CA /* DynamicsListSwiftUI */,
			);
		};
/* End PBXProject section */

/* Begin PBXResourcesBuildPhase section */
		C7E0DBF722A81150004766CA /* Resources */ = {
			isa = PBXResourcesBuildPhase;
			buildActionMask = 2147483647;
			files = (
				C7E0DC0922A81152004766CA /* LaunchScreen.storyboard in Resources */,
				C7E0DC0622A81152004766CA /* Preview Assets.xcassets in Resources */,
				C7E0DC0322A81152004766CA /* Assets.xcassets in Resources */,
			);
			runOnlyForDeploymentPostprocessing = 0;
		};
/* End PBXResourcesBuildPhase section */

/* Begin PBXSourcesBuildPhase section */
		C7E0DBF522A81150004766CA /* Sources */ = {
			isa = PBXSourcesBuildPhase;
			buildActionMask = 2147483647;
			files = (
				C7E0DBFD22A81150004766CA /* AppDelegate.swift in Sources */,
				C7E0DBFF22A81150004766CA /* SceneDelegate.swift in Sources */,
				C7E0DC0122A81150004766CA /* ContentView.swift in Sources */,
			);
			runOnlyForDeploymentPostprocessing = 0;
		};
/* End PBXSourcesBuildPhase section */

/* Begin PBXVariantGroup section */
		C7E0DC0722A81152004766CA /* LaunchScreen.storyboard */ = {
			isa = PBXVariantGroup;
			children = (
				C7E0DC0822A81152004766CA /* Base */,
			);
			name = LaunchScreen.storyboard;
			sourceTree = "<group>";
		};
/* End PBXVariantGroup section */

/* Begin XCBuildConfiguration section */
		C7E0DC0B22A81152004766CA /* Debug */ = {
			isa = XCBuildConfiguration;
			buildSettings = {
				ALWAYS_SEARCH_USER_PATHS = NO;
				CLANG_ANALYZER_NONNULL = YES;
				CLANG_ANALYZER_NUMBER_OBJECT_CONVERSION = YES_AGGRESSIVE;
				CLANG_CXX_LANGUAGE_STANDARD = "gnu++14";
				CLANG_CXX_LIBRARY = "libc++";
				CLANG_ENABLE_MODULES = YES;
				CLANG_ENABLE_OBJC_ARC = YES;
				CLANG_ENABLE_OBJC_WEAK = YES;
				CLANG_WARN_BLOCK_CAPTURE_AUTORELEASING = YES;
				CLANG_WARN_BOOL_CONVERSION = YES;
				CLANG_WARN_COMMA = YES;
				CLANG_WARN_CONSTANT_CONVERSION = YES;
				CLANG_WARN_DEPRECATED_OBJC_IMPLEMENTATIONS = YES;
				CLANG_WARN_DIRECT_OBJC_ISA_USAGE = YES_ERROR;
				CLANG_WARN_DOCUMENTATION_COMMENTS = YES;
				CLANG_WARN_EMPTY_BODY = YES;
				CLANG_WARN_ENUM_CONVERSION = YES;
				CLANG_WARN_INFINITE_RECURSION = YES;
				CLANG_WARN_INT_CONVERSION = YES;
				CLANG_WARN_NON_LITERAL_NULL_CONVERSION = YES;
				CLANG_WARN_OBJC_IMPLICIT_RETAIN_SELF = YES;
				CLANG_WARN_OBJC_LITERAL_CONVERSION = YES;
				CLANG_WARN_OBJC_ROOT_CLASS = YES_ERROR;
				CLANG_WARN_RANGE_LOOP_ANALYSIS = YES;
				CLANG_WARN_STRICT_PROTOTYPES = YES;
				CLANG_WARN_SUSPICIOUS_MOVE = YES;
				CLANG_WARN_UNGUARDED_AVAILABILITY = YES_AGGRESSIVE;
				CLANG_WARN_UNREACHABLE_CODE = YES;
				CLANG_WARN__DUPLICATE_METHOD_MATCH = YES;
				COPY_PHASE_STRIP = NO;
				DEBUG_INFORMATION_FORMAT = dwarf;
				ENABLE_STRICT_OBJC_MSGSEND = YES;
				ENABLE_TESTABILITY = YES;
				GCC_C_LANGUAGE_STANDARD = gnu11;
				GCC_DYNAMIC_NO_PIC = NO;
				GCC_NO_COMMON_BLOCKS = YES;
				GCC_OPTIMIZATION_LEVEL = 0;
				GCC_PREPROCESSOR_DEFINITIONS = (
					"DEBUG=1",
					"$(inherited)",
				);
				GCC_WARN_64_TO_32_BIT_CONVERSION = YES;
				GCC_WARN_ABOUT_RETURN_TYPE = YES_ERROR;
				GCC_WARN_UNDECLARED_SELECTOR = YES;
				GCC_WARN_UNINITIALIZED_AUTOS = YES_AGGRESSIVE;
				GCC_WARN_UNUSED_FUNCTION = YES;
				GCC_WARN_UNUSED_VARIABLE = YES;
				IPHONEOS_DEPLOYMENT_TARGET = 13.0;
				MTL_ENABLE_DEBUG_INFO = INCLUDE_SOURCE;
				MTL_FAST_MATH = YES;
				ONLY_ACTIVE_ARCH = YES;
				SDKROOT = iphoneos;
				SWIFT_ACTIVE_COMPILATION_CONDITIONS = DEBUG;
				SWIFT_OPTIMIZATION_LEVEL = "-Onone";
			};
			name = Debug;
		};
		C7E0DC0C22A81152004766CA /* Release */ = {
			isa = XCBuildConfiguration;
			buildSettings = {
				ALWAYS_SEARCH_USER_PATHS = NO;
				CLANG_ANALYZER_NONNULL = YES;
				CLANG_ANALYZER_NUMBER_OBJECT_CONVERSION = YES_AGGRESSIVE;
				CLANG_CXX_LANGUAGE_STANDARD = "gnu++14";
				CLANG_CXX_LIBRARY = "libc++";
				CLANG_ENABLE_MODULES = YES;
				CLANG_ENABLE_OBJC_ARC = YES;
				CLANG_ENABLE_OBJC_WEAK = YES;
				CLANG_WARN_BLOCK_CAPTURE_AUTORELEASING = YES;
				CLANG_WARN_BOOL_CONVERSION = YES;
				CLANG_WARN_COMMA = YES;
				CLANG_WARN_CONSTANT_CONVERSION = YES;
				CLANG_WARN_DEPRECATED_OBJC_IMPLEMENTATIONS = YES;
				CLANG_WARN_DIRECT_OBJC_ISA_USAGE = YES_ERROR;
				CLANG_WARN_DOCUMENTATION_COMMENTS = YES;
				CLANG_WARN_EMPTY_BODY = YES;
				CLANG_WARN_ENUM_CONVERSION = YES;
				CLANG_WARN_INFINITE_RECURSION = YES;
				CLANG_WARN_INT_CONVERSION = YES;
				CLANG_WARN_NON_LITERAL_NULL_CONVERSION = YES;
				CLANG_WARN_OBJC_IMPLICIT_RETAIN_SELF = YES;
				CLANG_WARN_OBJC_LITERAL_CONVERSION = YES;
				CLANG_WARN_OBJC_ROOT_CLASS = YES_ERROR;
				CLANG_WARN_RANGE_LOOP_ANALYSIS = YES;
				CLANG_WARN_STRICT_PROTOTYPES = YES;
				CLANG_WARN_SUSPICIOUS_MOVE = YES;
				CLANG_WARN_UNGUARDED_AVAILABILITY = YES_AGGRESSIVE;
				CLANG_WARN_UNREACHABLE_CODE = YES;
				CLANG_WARN__DUPLICATE_METHOD_MATCH = YES;
				COPY_PHASE_STRIP = NO;
				DEBUG_INFORMATION_FORMAT = "dwarf-with-dsym";
				ENABLE_NS_ASSERTIONS = NO;
				ENABLE_STRICT_OBJC_MSGSEND = YES;
				GCC_C_LANGUAGE_STANDARD = gnu11;
				GCC_NO_COMMON_BLOCKS = YES;
				GCC_WARN_64_TO_32_BIT_CONVERSION = YES;
				GCC_WARN_ABOUT_RETURN_TYPE = YES_ERROR;
				GCC_WARN_UNDECLARED_SELECTOR = YES;
				GCC_WARN_UNINITIALIZED_AUTOS = YES_AGGRESSIVE;
				GCC_WARN_UNUSED_FUNCTION = YES;
				GCC_WARN_UNUSED_VARIABLE = YES;
				IPHONEOS_DEPLOYMENT_TARGET = 13.0;
				MTL_ENABLE_DEBUG_INFO = NO;
				MTL_FAST_MATH = YES;
				SDKROOT = iphoneos;
				SWIFT_COMPILATION_MODE = wholemodule;
				SWIFT_OPTIMIZATION_LEVEL = "-O";
				VALIDATE_PRODUCT = YES;
			};
			name = Release;
		};
		C7E0DC0E22A81152004766CA /* Debug */ = {
			isa = XCBuildConfiguration;
			buildSettings = {
				ASSETCATALOG_COMPILER_APPICON_NAME = AppIcon;
				CODE_SIGN_STYLE = Automatic;
				DEVELOPMENT_ASSET_PATHS = "DynamicsListSwiftUI/Preview\\ Content";
				DEVELOPMENT_TEAM = 4HZZVGNXGK;
				ENABLE_PREVIEWS = YES;
				INFOPLIST_FILE = DynamicsListSwiftUI/Info.plist;
				LD_RUNPATH_SEARCH_PATHS = (
					"$(inherited)",
					"@executable_path/Frameworks",
				);
				PRODUCT_BUNDLE_IDENTIFIER = com.lbta.DynamicsListSwiftUI;
				PRODUCT_NAME = "$(TARGET_NAME)";
				SWIFT_VERSION = 5.0;
				TARGETED_DEVICE_FAMILY = "1,2";
			};
			name = Debug;
		};
		C7E0DC0F22A81152004766CA /* Release */ = {
			isa = XCBuildConfiguration;
			buildSettings = {
				ASSETCATALOG_COMPILER_APPICON_NAME = AppIcon;
				CODE_SIGN_STYLE = Automatic;
				DEVELOPMENT_ASSET_PATHS = "DynamicsListSwiftUI/Preview\\ Content";
				DEVELOPMENT_TEAM = 4HZZVGNXGK;
				ENABLE_PREVIEWS = YES;
				INFOPLIST_FILE = DynamicsListSwiftUI/Info.plist;
				LD_RUNPATH_SEARCH_PATHS = (
					"$(inherited)",
					"@executable_path/Frameworks",
				);
				PRODUCT_BUNDLE_IDENTIFIER = com.lbta.DynamicsListSwiftUI;
				PRODUCT_NAME = "$(TARGET_NAME)";
				SWIFT_VERSION = 5.0;
				TARGETED_DEVICE_FAMILY = "1,2";
			};
			name = Release;
		};
/* End XCBuildConfiguration section */

/* Begin XCConfigurationList section */
		C7E0DBF422A81150004766CA /* Build configuration list for PBXProject "DynamicsListSwiftUI" */ = {
			isa = XCConfigurationList;
			buildConfigurations = (
				C7E0DC0B22A81152004766CA /* Debug */,
				C7E0DC0C22A81152004766CA /* Release */,
			);
			defaultConfigurationIsVisible = 0;
			defaultConfigurationName = Release;
		};
		C7E0DC0D22A81152004766CA /* Build configuration list for PBXNativeTarget "DynamicsListSwiftUI" */ = {
			isa = XCConfigurationList;
			buildConfigurations = (
				C7E0DC0E22A81152004766CA /* Debug */,
				C7E0DC0F22A81152004766CA /* Release */,
			);
			defaultConfigurationIsVisible = 0;
			defaultConfigurationName = Release;
		};
/* End XCConfigurationList section */
	};
	rootObject = C7E0DBF122A81150004766CA /* Project object */;
}
